
Microsoft Visual Studio Solution File, Format Version 12.00
Project("{FAE04EC0-301F-11D3-BF4B-00C04F79EFBC}") = "dolphAPI", "dolphAPI\dolphAPI.csproj", "{E942A6D5-2A0E-4DF9-8EDB-F9FF44F91BE2}"
EndProject
Project("{FAE04EC0-301F-11D3-BF4B-00C04F79EFBC}") = "dolphLib", "dolphLib\dolphLib.csproj", "{9C7859DB-F28E-4CBF-8233-DD0282CE45DD}"
EndProject
Project("{FAE04EC0-301F-11D3-BF4B-00C04F79EFBC}") = "dolph.Input", "dolph.Input\dolph.Input.csproj", "{0CA5DB46-D548-470F-97FF-01442AF766DF}"
EndProject
Global
	GlobalSection(SolutionConfigurationPlatforms) = preSolution
		Debug|Any CPU = Debug|Any CPU
		Release|Any CPU = Release|Any CPU
	EndGlobalSection
	GlobalSection(ProjectConfigurationPlatforms) = postSolution
		{E942A6D5-2A0E-4DF9-8EDB-F9FF44F91BE2}.Debug|Any CPU.ActiveCfg = Debug|Any CPU
		{E942A6D5-2A0E-4DF9-8EDB-F9FF44F91BE2}.Debug|Any CPU.Build.0 = Debug|Any CPU
		{E942A6D5-2A0E-4DF9-8EDB-F9FF44F91BE2}.Release|Any CPU.ActiveCfg = Release|Any CPU
		{E942A6D5-2A0E-4DF9-8EDB-F9FF44F91BE2}.Release|Any CPU.Build.0 = Release|Any CPU
		{9C7859DB-F28E-4CBF-8233-DD0282CE45DD}.Debug|Any CPU.ActiveCfg = Debug|Any CPU
		{9C7859DB-F28E-4CBF-8233-DD0282CE45DD}.Debug|Any CPU.Build.0 = Debug|Any CPU
		{9C7859DB-F28E-4CBF-8233-DD0282CE45DD}.Release|Any CPU.ActiveCfg = Release|Any CPU
		{9C7859DB-F28E-4CBF-8233-DD0282CE45DD}.Release|Any CPU.Build.0 = Release|Any CPU
		{0CA5DB46-D548-470F-97FF-01442AF766DF}.Debug|Any CPU.ActiveCfg = Debug|Any CPU
		{0CA5DB46-D548-470F-97FF-01442AF766DF}.Debug|Any CPU.Build.0 = Debug|Any CPU
		{0CA5DB46-D548-470F-97FF-01442AF766DF}.Release|Any CPU.ActiveCfg = Release|Any CPU
		{0CA5DB46-D548-470F-97FF-01442AF766DF}.Release|Any CPU.Build.0 = Release|Any CPU
	EndGlobalSection
EndGlobal
